---
label: Half Map Block
hide_body: true
fields:
- name: text
  type: textarea
  default: ''
  config:
    required: false
    wysiwyg: true
    schema:
      format: markdown
  label: Text
- name: button
  type: blocks
  label: Button
  template_types:
  - button
  config:
    min: 
    max: 
- name: button-select
  type: select
  default: []
  config:
    required: false
    options:
    - Custom
    - Donation
    source:
      type: simple
      section: 
      file: 
      path: 
  label: Button Type
