---
label: Latest Block
hide_body: true
display_field: text
fields:
- name: collection
  type: select
  default: posts
  config:
    required: true
    options:
    - posts
    - sentences
    source:
      type: simple
      section: 
      file: 
      path: 
  label: Collection
- name: text
  type: textarea
  default: ''
  config:
    required: false
    wysiwyg: true
    schema:
      format: markdown
  label: Text
- name: button-select
  type: select
  default: []
  config:
    required: false
    options:
    - Donation
    - Custom
    source:
      type: simple
      section: 
      file: 
      path: 
  label: Button type
- name: button
  type: blocks
  label: Button
  template_types:
  - button
  config:
    min: 
    max: 3
  showOnly:
    field: button-select
    value: Custom
